// !$*UTF8*$!
{
	archiveVersion = 1;
	classes = {
	};
	objectVersion = 50;
	objects = {

/* Begin PBXBuildFile section */
		D59A107521AB90D500F501F5 /* BlockStruct.cpp in Sources */ = {isa = PBXBuildFile; fileRef = D59A107321AB90D500F501F5 /* BlockStruct.cpp */; };
		D5A4885D21A6402600E6C9DA /* AppDelegate.m in Sources */ = {isa = PBXBuildFile; fileRef = D5A4885C21A6402600E6C9DA /* AppDelegate.m */; };
		D5A4886021A6402600E6C9DA /* ViewController.mm in Sources */ = {isa = PBXBuildFile; fileRef = D5A4885F21A6402600E6C9DA /* ViewController.mm */; };
		D5A4886321A6402600E6C9DA /* Main.storyboard in Resources */ = {isa = PBXBuildFile; fileRef = D5A4886121A6402600E6C9DA /* Main.storyboard */; };
		D5A4886521A6402F00E6C9DA /* Assets.xcassets in Resources */ = {isa = PBXBuildFile; fileRef = D5A4886421A6402F00E6C9DA /* Assets.xcassets */; };
		D5A4886821A6402F00E6C9DA /* LaunchScreen.storyboard in Resources */ = {isa = PBXBuildFile; fileRef = D5A4886621A6402F00E6C9DA /* LaunchScreen.storyboard */; };
		D5A4886B21A6402F00E6C9DA /* main.mm in Sources */ = {isa = PBXBuildFile; fileRef = D5A4886A21A6402F00E6C9DA /* main.mm */; };
/* End PBXBuildFile section */

/* Begin PBXFileReference section */
		D59A107321AB90D500F501F5 /* BlockStruct.cpp */ = {isa = PBXFileReference; lastKnownFileType = sourcecode.cpp.cpp; path = BlockStruct.cpp; sourceTree = "<group>"; };
		D59A107421AB90D500F501F5 /* BlockStruct.hpp */ = {isa = PBXFileReference; lastKnownFileType = sourcecode.cpp.h; path = BlockStruct.hpp; sourceTree = "<group>"; };
		D5A4885821A6402600E6C9DA /* BlockStructure.app */ = {isa = PBXFileReference; explicitFileType = wrapper.application; includeInIndex = 0; path = BlockStructure.app; sourceTree = BUILT_PRODUCTS_DIR; };
		D5A4885B21A6402600E6C9DA /* AppDelegate.h */ = {isa = PBXFileReference; lastKnownFileType = sourcecode.c.h; path = AppDelegate.h; sourceTree = "<group>"; };
		D5A4885C21A6402600E6C9DA /* AppDelegate.m */ = {isa = PBXFileReference; lastKnownFileType = sourcecode.c.objc; path = AppDelegate.m; sourceTree = "<group>"; };
		D5A4885E21A6402600E6C9DA /* ViewController.h */ = {isa = PBXFileReference; lastKnownFileType = sourcecode.c.h; path = ViewController.h; sourceTree = "<group>"; };
		D5A4885F21A6402600E6C9DA /* ViewController.mm */ = {isa = PBXFileReference; lastKnownFileType = sourcecode.cpp.objcpp; path = ViewController.mm; sourceTree = "<group>"; };
		D5A4886221A6402600E6C9DA /* Base */ = {isa = PBXFileReference; lastKnownFileType = file.storyboard; name = Base; path = Base.lproj/Main.storyboard; sourceTree = "<group>"; };
		D5A4886421A6402F00E6C9DA /* Assets.xcassets */ = {isa = PBXFileReference; lastKnownFileType = folder.assetcatalog; path = Assets.xcassets; sourceTree = "<group>"; };
		D5A4886721A6402F00E6C9DA /* Base */ = {isa = PBXFileReference; lastKnownFileType = file.storyboard; name = Base; path = Base.lproj/LaunchScreen.storyboard; sourceTree = "<group>"; };
		D5A4886921A6402F00E6C9DA /* Info.plist */ = {isa = PBXFileReference; lastKnownFileType = text.plist.xml; path = Info.plist; sourceTree = "<group>"; };
		D5A4886A21A6402F00E6C9DA /* main.mm */ = {isa = PBXFileReference; lastKnownFileType = sourcecode.cpp.objcpp; path = main.mm; sourceTree = "<group>"; };
/* End PBXFileReference section */

/* Begin PBXFrameworksBuildPhase section */
		D5A4885521A6402600E6C9DA /* Frameworks */ = {
			isa = PBXFrameworksBuildPhase;
			buildActionMask = 2147483647;
			files = (
			);
			runOnlyForDeploymentPostprocessing = 0;
		};
/* End PBXFrameworksBuildPhase section */

/* Begin PBXGroup section */
		D5A4884F21A6402600E6C9DA = {
			isa = PBXGroup;
			children = (
				D5A4885A21A6402600E6C9DA /* BlockStructure */,
				D5A4885921A6402600E6C9DA /* Products */,
			);
			sourceTree = "<group>";
		};
		D5A4885921A6402600E6C9DA /* Products */ = {
			isa = PBXGroup;
			children = (
				D5A4885821A6402600E6C9DA /* BlockStructure.app */,
			);
			name = Products;
			sourceTree = "<group>";
		};
		D5A4885A21A6402600E6C9DA /* BlockStructure */ = {
			isa = PBXGroup;
			children = (
				D5A4885B21A6402600E6C9DA /* AppDelegate.h */,
				D5A4885C21A6402600E6C9DA /* AppDelegate.m */,
				D5A4885E21A6402600E6C9DA /* ViewController.h */,
				D5A4885F21A6402600E6C9DA /* ViewController.mm */,
				D59A107321AB90D500F501F5 /* BlockStruct.cpp */,
				D59A107421AB90D500F501F5 /* BlockStruct.hpp */,
				D5A4886121A6402600E6C9DA /* Main.storyboard */,
				D5A4886421A6402F00E6C9DA /* Assets.xcassets */,
				D5A4886621A6402F00E6C9DA /* LaunchScreen.storyboard */,
				D5A4886921A6402F00E6C9DA /* Info.plist */,
				D5A4886A21A6402F00E6C9DA /* main.mm */,
			);
			path = BlockStructure;
			sourceTree = "<group>";
		};
/* End PBXGroup section */

/* Begin PBXNativeTarget section */
		D5A4885721A6402600E6C9DA /* BlockStructure */ = {
			isa = PBXNativeTarget;
			buildConfigurationList = D5A4886E21A6402F00E6C9DA /* Build configuration list for PBXNativeTarget "BlockStructure" */;
			buildPhases = (
				D5A4885421A6402600E6C9DA /* Sources */,
				D5A4885521A6402600E6C9DA /* Frameworks */,
				D5A4885621A6402600E6C9DA /* Resources */,
			);
			buildRules = (
			);
			dependencies = (
			);
			name = BlockStructure;
			productName = BlockStructure;
			productReference = D5A4885821A6402600E6C9DA /* BlockStructure.app */;
			productType = "com.apple.product-type.application";
		};
/* End PBXNativeTarget section */

/* Begin PBXProject section */
		D5A4885021A6402600E6C9DA /* Project object */ = {
			isa = PBXProject;
			attributes = {
				LastUpgradeCheck = 1010;
				ORGANIZATIONNAME = lqqjob;
				TargetAttributes = {
					D5A4885721A6402600E6C9DA = {
						CreatedOnToolsVersion = 10.1;
					};
				};
			};
			buildConfigurationList = D5A4885321A6402600E6C9DA /* Build configuration list for PBXProject "BlockStructure" */;
			compatibilityVersion = "Xcode 9.3";
			developmentRegion = en;
			hasScannedForEncodings = 0;
			knownRegions = (
				en,
				Base,
			);
			mainGroup = D5A4884F21A6402600E6C9DA;
			productRefGroup = D5A4885921A6402600E6C9DA /* Products */;
			projectDirPath = "";
			projectRoot = "";
			targets = (
				D5A4885721A6402600E6C9DA /* BlockStructure */,
			);
		};
/* End PBXProject section */

/* Begin PBXResourcesBuildPhase section */
		D5A4885621A6402600E6C9DA /* Resources */ = {
			isa = PBXResourcesBuildPhase;
			buildActionMask = 2147483647;
			files = (
				D5A4886821A6402F00E6C9DA /* LaunchScreen.storyboard in Resources */,
				D5A4886521A6402F00E6C9DA /* Assets.xcassets in Resources */,
				D5A4886321A6402600E6C9DA /* Main.storyboard in Resources */,
			);
			runOnlyForDeploymentPostprocessing = 0;
		};
/* End PBXResourcesBuildPhase section */

/* Begin PBXSourcesBuildPhase section */
		D5A4885421A6402600E6C9DA /* Sources */ = {
			isa = PBXSourcesBuildPhase;
			buildActionMask = 2147483647;
			files = (
				D59A107521AB90D500F501F5 /* BlockStruct.cpp in Sources */,
				D5A4886021A6402600E6C9DA /* ViewController.mm in Sources */,
				D5A4886B21A6402F00E6C9DA /* main.mm in Sources */,
				D5A4885D21A6402600E6C9DA /* AppDelegate.m in Sources */,
			);
			runOnlyForDeploymentPostprocessing = 0;
		};
/* End PBXSourcesBuildPhase section */

/* Begin PBXVariantGroup section */
		D5A4886121A6402600E6C9DA /* Main.storyboard */ = {
			isa = PBXVariantGroup;
			children = (
				D5A4886221A6402600E6C9DA /* Base */,
			);
			name = Main.storyboard;
			sourceTree = "<group>";
		};
		D5A4886621A6402F00E6C9DA /* LaunchScreen.storyboard */ = {
			isa = PBXVariantGroup;
			children = (
				D5A4886721A6402F00E6C9DA /* Base */,
			);
			name = LaunchScreen.storyboard;
			sourceTree = "<group>";
		};
/* End PBXVariantGroup section */

/* Begin XCBuildConfiguration section */
		D5A4886C21A6402F00E6C9DA /* Debug */ = {
			isa = XCBuildConfiguration;
			buildSettings = {
				ALWAYS_SEARCH_USER_PATHS = NO;
				CLANG_ANALYZER_NONNULL = YES;
				CLANG_ANALYZER_NUMBER_OBJECT_CONVERSION = YES_AGGRESSIVE;
				CLANG_CXX_LANGUAGE_STANDARD = "gnu++14";
				CLANG_CXX_LIBRARY = "libc++";
				CLANG_ENABLE_MODULES = YES;
				CLANG_ENABLE_OBJC_ARC = YES;
				CLANG_ENABLE_OBJC_WEAK = YES;
				CLANG_WARN_BLOCK_CAPTURE_AUTORELEASING = YES;
				CLANG_WARN_BOOL_CONVERSION = YES;
				CLANG_WARN_COMMA = YES;
				CLANG_WARN_CONSTANT_CONVERSION = YES;
				CLANG_WARN_DEPRECATED_OBJC_IMPLEMENTATIONS = YES;
				CLANG_WARN_DIRECT_OBJC_ISA_USAGE = YES_ERROR;
				CLANG_WARN_DOCUMENTATION_COMMENTS = YES;
				CLANG_WARN_EMPTY_BODY = YES;
				CLANG_WARN_ENUM_CONVERSION = YES;
				CLANG_WARN_INFINITE_RECURSION = YES;
				CLANG_WARN_INT_CONVERSION = YES;
				CLANG_WARN_NON_LITERAL_NULL_CONVERSION = YES;
				CLANG_WARN_OBJC_IMPLICIT_RETAIN_SELF = YES;
				CLANG_WARN_OBJC_LITERAL_CONVERSION = YES;
				CLANG_WARN_OBJC_ROOT_CLASS = YES_ERROR;
				CLANG_WARN_RANGE_LOOP_ANALYSIS = YES;
				CLANG_WARN_STRICT_PROTOTYPES = YES;
				CLANG_WARN_SUSPICIOUS_MOVE = YES;
				CLANG_WARN_UNGUARDED_AVAILABILITY = YES_AGGRESSIVE;
				CLANG_WARN_UNREACHABLE_CODE = YES;
				CLANG_WARN__DUPLICATE_METHOD_MATCH = YES;
				CODE_SIGN_IDENTITY = "iPhone Developer";
				COPY_PHASE_STRIP = NO;
				DEBUG_INFORMATION_FORMAT = dwarf;
				ENABLE_STRICT_OBJC_MSGSEND = YES;
				ENABLE_TESTABILITY = YES;
				GCC_C_LANGUAGE_STANDARD = gnu11;
				GCC_DYNAMIC_NO_PIC = NO;
				GCC_NO_COMMON_BLOCKS = YES;
				GCC_OPTIMIZATION_LEVEL = 0;
				GCC_PREPROCESSOR_DEFINITIONS = (
					"DEBUG=1",
					"$(inherited)",
				);
				GCC_WARN_64_TO_32_BIT_CONVERSION = YES;
				GCC_WARN_ABOUT_RETURN_TYPE = YES_ERROR;
				GCC_WARN_UNDECLARED_SELECTOR = YES;
				GCC_WARN_UNINITIALIZED_AUTOS = YES_AGGRESSIVE;
				GCC_WARN_UNUSED_FUNCTION = YES;
				GCC_WARN_UNUSED_VARIABLE = YES;
				IPHONEOS_DEPLOYMENT_TARGET = 12.1;
				MTL_ENABLE_DEBUG_INFO = INCLUDE_SOURCE;
				MTL_FAST_MATH = YES;
				ONLY_ACTIVE_ARCH = YES;
				SDKROOT = iphoneos;
			};
			name = Debug;
		};
		D5A4886D21A6402F00E6C9DA /* Release */ = {
			isa = XCBuildConfiguration;
			buildSettings = {
				ALWAYS_SEARCH_USER_PATHS = NO;
				CLANG_ANALYZER_NONNULL = YES;
				CLANG_ANALYZER_NUMBER_OBJECT_CONVERSION = YES_AGGRESSIVE;
				CLANG_CXX_LANGUAGE_STANDARD = "gnu++14";
				CLANG_CXX_LIBRARY = "libc++";
				CLANG_ENABLE_MODULES = YES;
				CLANG_ENABLE_OBJC_ARC = YES;
				CLANG_ENABLE_OBJC_WEAK = YES;
				CLANG_WARN_BLOCK_CAPTURE_AUTORELEASING = YES;
				CLANG_WARN_BOOL_CONVERSION = YES;
				CLANG_WARN_COMMA = YES;
				CLANG_WARN_CONSTANT_CONVERSION = YES;
				CLANG_WARN_DEPRECATED_OBJC_IMPLEMENTATIONS = YES;
				CLANG_WARN_DIRECT_OBJC_ISA_USAGE = YES_ERROR;
				CLANG_WARN_DOCUMENTATION_COMMENTS = YES;
				CLANG_WARN_EMPTY_BODY = YES;
				CLANG_WARN_ENUM_CONVERSION = YES;
				CLANG_WARN_INFINITE_RECURSION = YES;
				CLANG_WARN_INT_CONVERSION = YES;
				CLANG_WARN_NON_LITERAL_NULL_CONVERSION = YES;
				CLANG_WARN_OBJC_IMPLICIT_RETAIN_SELF = YES;
				CLANG_WARN_OBJC_LITERAL_CONVERSION = YES;
				CLANG_WARN_OBJC_ROOT_CLASS = YES_ERROR;
				CLANG_WARN_RANGE_LOOP_ANALYSIS = YES;
				CLANG_WARN_STRICT_PROTOTYPES = YES;
				CLANG_WARN_SUSPICIOUS_MOVE = YES;
				CLANG_WARN_UNGUARDED_AVAILABILITY = YES_AGGRESSIVE;
				CLANG_WARN_UNREACHABLE_CODE = YES;
				CLANG_WARN__DUPLICATE_METHOD_MATCH = YES;
				CODE_SIGN_IDENTITY = "iPhone Developer";
				COPY_PHASE_STRIP = NO;
				DEBUG_INFORMATION_FORMAT = "dwarf-with-dsym";
				ENABLE_NS_ASSERTIONS = NO;
				ENABLE_STRICT_OBJC_MSGSEND = YES;
				GCC_C_LANGUAGE_STANDARD = gnu11;
				GCC_NO_COMMON_BLOCKS = YES;
				GCC_WARN_64_TO_32_BIT_CONVERSION = YES;
				GCC_WARN_ABOUT_RETURN_TYPE = YES_ERROR;
				GCC_WARN_UNDECLARED_SELECTOR = YES;
				GCC_WARN_UNINITIALIZED_AUTOS = YES_AGGRESSIVE;
				GCC_WARN_UNUSED_FUNCTION = YES;
				GCC_WARN_UNUSED_VARIABLE = YES;
				IPHONEOS_DEPLOYMENT_TARGET = 12.1;
				MTL_ENABLE_DEBUG_INFO = NO;
				MTL_FAST_MATH = YES;
				SDKROOT = iphoneos;
				VALIDATE_PRODUCT = YES;
			};
			name = Release;
		};
		D5A4886F21A6402F00E6C9DA /* Debug */ = {
			isa = XCBuildConfiguration;
			buildSettings = {
				ASSETCATALOG_COMPILER_APPICON_NAME = AppIcon;
				CODE_SIGN_STYLE = Automatic;
				INFOPLIST_FILE = BlockStructure/Info.plist;
				LD_RUNPATH_SEARCH_PATHS = (
					"$(inherited)",
					"@executable_path/Frameworks",
				);
				OTHER_LDFLAGS = "";
				PRODUCT_BUNDLE_IDENTIFIER = com.lqqjob.BlockStructure;
				PRODUCT_NAME = "$(TARGET_NAME)";
				TARGETED_DEVICE_FAMILY = "1,2";
			};
			name = Debug;
		};
		D5A4887021A6402F00E6C9DA /* Release */ = {
			isa = XCBuildConfiguration;
			buildSettings = {
				ASSETCATALOG_COMPILER_APPICON_NAME = AppIcon;
				CODE_SIGN_STYLE = Automatic;
				INFOPLIST_FILE = BlockStructure/Info.plist;
				LD_RUNPATH_SEARCH_PATHS = (
					"$(inherited)",
					"@executable_path/Frameworks",
				);
				OTHER_LDFLAGS = "";
				PRODUCT_BUNDLE_IDENTIFIER = com.lqqjob.BlockStructure;
				PRODUCT_NAME = "$(TARGET_NAME)";
				TARGETED_DEVICE_FAMILY = "1,2";
			};
			name = Release;
		};
/* End XCBuildConfiguration section */

/* Begin XCConfigurationList section */
		D5A4885321A6402600E6C9DA /* Build configuration list for PBXProject "BlockStructure" */ = {
			isa = XCConfigurationList;
			buildConfigurations = (
				D5A4886C21A6402F00E6C9DA /* Debug */,
				D5A4886D21A6402F00E6C9DA /* Release */,
			);
			defaultConfigurationIsVisible = 0;
			defaultConfigurationName = Release;
		};
		D5A4886E21A6402F00E6C9DA /* Build configuration list for PBXNativeTarget "BlockStructure" */ = {
			isa = XCConfigurationList;
			buildConfigurations = (
				D5A4886F21A6402F00E6C9DA /* Debug */,
				D5A4887021A6402F00E6C9DA /* Release */,
			);
			defaultConfigurationIsVisible = 0;
			defaultConfigurationName = Release;
		};
/* End XCConfigurationList section */
	};
	rootObject = D5A4885021A6402600E6C9DA /* Project object */;
}
